
Microsoft Visual Studio Solution File, Format Version 12.00
# Visual Studio 2012
Project("{FAE04EC0-301F-11D3-BF4B-00C04F79EFBC}") = "AS.Google.Analytics.Touch", "AS.Google.Analytics.Touch\AS.Google.Analytics.Touch.csproj", "{5D51D91A-A805-4894-AC68-F31720FBB5BE}"
EndProject
Project("{FAE04EC0-301F-11D3-BF4B-00C04F79EFBC}") = "AS.Google.Analytics", "..\AS.Google.Analytics\AS.Google.Analytics\AS.Google.Analytics.csproj", "{54FBE051-671F-41AA-BF97-3644CE8C67F0}"
EndProject
Global
	GlobalSection(SolutionConfigurationPlatforms) = preSolution
		Debug|Any CPU = Debug|Any CPU
		Release|Any CPU = Release|Any CPU
	EndGlobalSection
	GlobalSection(ProjectConfigurationPlatforms) = postSolution
		{54FBE051-671F-41AA-BF97-3644CE8C67F0}.Debug|Any CPU.ActiveCfg = Debug|Any CPU
		{54FBE051-671F-41AA-BF97-3644CE8C67F0}.Debug|Any CPU.Build.0 = Debug|Any CPU
		{54FBE051-671F-41AA-BF97-3644CE8C67F0}.Release|Any CPU.ActiveCfg = Release|Any CPU
		{54FBE051-671F-41AA-BF97-3644CE8C67F0}.Release|Any CPU.Build.0 = Release|Any CPU
		{5D51D91A-A805-4894-AC68-F31720FBB5BE}.Debug|Any CPU.ActiveCfg = Debug|Any CPU
		{5D51D91A-A805-4894-AC68-F31720FBB5BE}.Debug|Any CPU.Build.0 = Debug|Any CPU
		{5D51D91A-A805-4894-AC68-F31720FBB5BE}.Release|Any CPU.ActiveCfg = Release|Any CPU
		{5D51D91A-A805-4894-AC68-F31720FBB5BE}.Release|Any CPU.Build.0 = Release|Any CPU
	EndGlobalSection
EndGlobal
